// !$*UTF8*$!
{
	archiveVersion = 1;
	classes = {
	};
	objectVersion = 56;
	objects = {

/* Begin PBXBuildFile section */
		FBEF5A8129DD6D2B00844B20 /* AppDelegate.swift in Sources */ = {isa = PBXBuildFile; fileRef = FBEF5A8029DD6D2B00844B20 /* AppDelegate.swift */; };
		FBEF5A8329DD6D2B00844B20 /* SceneDelegate.swift in Sources */ = {isa = PBXBuildFile; fileRef = FBEF5A8229DD6D2B00844B20 /* SceneDelegate.swift */; };
		FBEF5A8529DD6D2B00844B20 /* ViewController.swift in Sources */ = {isa = PBXBuildFile; fileRef = FBEF5A8429DD6D2B00844B20 /* ViewController.swift */; };
		FBEF5A8829DD6D2B00844B20 /* Main.storyboard in Resources */ = {isa = PBXBuildFile; fileRef = FBEF5A8629DD6D2B00844B20 /* Main.storyboard */; };
		FBEF5A8A29DD6D2C00844B20 /* Assets.xcassets in Resources */ = {isa = PBXBuildFile; fileRef = FBEF5A8929DD6D2C00844B20 /* Assets.xcassets */; };
		FBEF5A8D29DD6D2C00844B20 /* LaunchScreen.storyboard in Resources */ = {isa = PBXBuildFile; fileRef = FBEF5A8B29DD6D2C00844B20 /* LaunchScreen.storyboard */; };
		FBEF5A9829DD6D2C00844B20 /* CoffeTestAPpTests.swift in Sources */ = {isa = PBXBuildFile; fileRef = FBEF5A9729DD6D2C00844B20 /* CoffeTestAPpTests.swift */; };
		FBEF5AA229DD6D2C00844B20 /* CoffeTestAPpUITests.swift in Sources */ = {isa = PBXBuildFile; fileRef = FBEF5AA129DD6D2C00844B20 /* CoffeTestAPpUITests.swift */; };
		FBEF5AA429DD6D2C00844B20 /* CoffeTestAPpUITestsLaunchTests.swift in Sources */ = {isa = PBXBuildFile; fileRef = FBEF5AA329DD6D2C00844B20 /* CoffeTestAPpUITestsLaunchTests.swift */; };
/* End PBXBuildFile section */

/* Begin PBXContainerItemProxy section */
		FBEF5A9429DD6D2C00844B20 /* PBXContainerItemProxy */ = {
			isa = PBXContainerItemProxy;
			containerPortal = FBEF5A7529DD6D2B00844B20 /* Project object */;
			proxyType = 1;
			remoteGlobalIDString = FBEF5A7C29DD6D2B00844B20;
			remoteInfo = CoffeTestAPp;
		};
		FBEF5A9E29DD6D2C00844B20 /* PBXContainerItemProxy */ = {
			isa = PBXContainerItemProxy;
			containerPortal = FBEF5A7529DD6D2B00844B20 /* Project object */;
			proxyType = 1;
			remoteGlobalIDString = FBEF5A7C29DD6D2B00844B20;
			remoteInfo = CoffeTestAPp;
		};
/* End PBXContainerItemProxy section */

/* Begin PBXFileReference section */
		FBEF5A7D29DD6D2B00844B20 /* CoffeTestAPp.app */ = {isa = PBXFileReference; explicitFileType = wrapper.application; includeInIndex = 0; path = CoffeTestAPp.app; sourceTree = BUILT_PRODUCTS_DIR; };
		FBEF5A8029DD6D2B00844B20 /* AppDelegate.swift */ = {isa = PBXFileReference; lastKnownFileType = sourcecode.swift; path = AppDelegate.swift; sourceTree = "<group>"; };
		FBEF5A8229DD6D2B00844B20 /* SceneDelegate.swift */ = {isa = PBXFileReference; lastKnownFileType = sourcecode.swift; path = SceneDelegate.swift; sourceTree = "<group>"; };
		FBEF5A8429DD6D2B00844B20 /* ViewController.swift */ = {isa = PBXFileReference; lastKnownFileType = sourcecode.swift; path = ViewController.swift; sourceTree = "<group>"; };
		FBEF5A8729DD6D2B00844B20 /* Base */ = {isa = PBXFileReference; lastKnownFileType = file.storyboard; name = Base; path = Base.lproj/Main.storyboard; sourceTree = "<group>"; };
		FBEF5A8929DD6D2C00844B20 /* Assets.xcassets */ = {isa = PBXFileReference; lastKnownFileType = folder.assetcatalog; path = Assets.xcassets; sourceTree = "<group>"; };
		FBEF5A8C29DD6D2C00844B20 /* Base */ = {isa = PBXFileReference; lastKnownFileType = file.storyboard; name = Base; path = Base.lproj/LaunchScreen.storyboard; sourceTree = "<group>"; };
		FBEF5A8E29DD6D2C00844B20 /* Info.plist */ = {isa = PBXFileReference; lastKnownFileType = text.plist.xml; path = Info.plist; sourceTree = "<group>"; };
		FBEF5A9329DD6D2C00844B20 /* CoffeTestAPpTests.xctest */ = {isa = PBXFileReference; explicitFileType = wrapper.cfbundle; includeInIndex = 0; path = CoffeTestAPpTests.xctest; sourceTree = BUILT_PRODUCTS_DIR; };
		FBEF5A9729DD6D2C00844B20 /* CoffeTestAPpTests.swift */ = {isa = PBXFileReference; lastKnownFileType = sourcecode.swift; path = CoffeTestAPpTests.swift; sourceTree = "<group>"; };
		FBEF5A9D29DD6D2C00844B20 /* CoffeTestAPpUITests.xctest */ = {isa = PBXFileReference; explicitFileType = wrapper.cfbundle; includeInIndex = 0; path = CoffeTestAPpUITests.xctest; sourceTree = BUILT_PRODUCTS_DIR; };
		FBEF5AA129DD6D2C00844B20 /* CoffeTestAPpUITests.swift */ = {isa = PBXFileReference; lastKnownFileType = sourcecode.swift; path = CoffeTestAPpUITests.swift; sourceTree = "<group>"; };
		FBEF5AA329DD6D2C00844B20 /* CoffeTestAPpUITestsLaunchTests.swift */ = {isa = PBXFileReference; lastKnownFileType = sourcecode.swift; path = CoffeTestAPpUITestsLaunchTests.swift; sourceTree = "<group>"; };
/* End PBXFileReference section */

/* Begin PBXFrameworksBuildPhase section */
		FBEF5A7A29DD6D2B00844B20 /* Frameworks */ = {
			isa = PBXFrameworksBuildPhase;
			buildActionMask = 2147483647;
			files = (
			);
			runOnlyForDeploymentPostprocessing = 0;
		};
		FBEF5A9029DD6D2C00844B20 /* Frameworks */ = {
			isa = PBXFrameworksBuildPhase;
			buildActionMask = 2147483647;
			files = (
			);
			runOnlyForDeploymentPostprocessing = 0;
		};
		FBEF5A9A29DD6D2C00844B20 /* Frameworks */ = {
			isa = PBXFrameworksBuildPhase;
			buildActionMask = 2147483647;
			files = (
			);
			runOnlyForDeploymentPostprocessing = 0;
		};
/* End PBXFrameworksBuildPhase section */

/* Begin PBXGroup section */
		FBEF5A7429DD6D2B00844B20 = {
			isa = PBXGroup;
			children = (
				FBEF5A7F29DD6D2B00844B20 /* CoffeTestAPp */,
				FBEF5A9629DD6D2C00844B20 /* CoffeTestAPpTests */,
				FBEF5AA029DD6D2C00844B20 /* CoffeTestAPpUITests */,
				FBEF5A7E29DD6D2B00844B20 /* Products */,
			);
			sourceTree = "<group>";
		};
		FBEF5A7E29DD6D2B00844B20 /* Products */ = {
			isa = PBXGroup;
			children = (
				FBEF5A7D29DD6D2B00844B20 /* CoffeTestAPp.app */,
				FBEF5A9329DD6D2C00844B20 /* CoffeTestAPpTests.xctest */,
				FBEF5A9D29DD6D2C00844B20 /* CoffeTestAPpUITests.xctest */,
			);
			name = Products;
			sourceTree = "<group>";
		};
		FBEF5A7F29DD6D2B00844B20 /* CoffeTestAPp */ = {
			isa = PBXGroup;
			children = (
				FBEF5A8029DD6D2B00844B20 /* AppDelegate.swift */,
				FBEF5A8229DD6D2B00844B20 /* SceneDelegate.swift */,
				FBEF5A8429DD6D2B00844B20 /* ViewController.swift */,
				FBEF5A8629DD6D2B00844B20 /* Main.storyboard */,
				FBEF5A8929DD6D2C00844B20 /* Assets.xcassets */,
				FBEF5A8B29DD6D2C00844B20 /* LaunchScreen.storyboard */,
				FBEF5A8E29DD6D2C00844B20 /* Info.plist */,
			);
			path = CoffeTestAPp;
			sourceTree = "<group>";
		};
		FBEF5A9629DD6D2C00844B20 /* CoffeTestAPpTests */ = {
			isa = PBXGroup;
			children = (
				FBEF5A9729DD6D2C00844B20 /* CoffeTestAPpTests.swift */,
			);
			path = CoffeTestAPpTests;
			sourceTree = "<group>";
		};
		FBEF5AA029DD6D2C00844B20 /* CoffeTestAPpUITests */ = {
			isa = PBXGroup;
			children = (
				FBEF5AA129DD6D2C00844B20 /* CoffeTestAPpUITests.swift */,
				FBEF5AA329DD6D2C00844B20 /* CoffeTestAPpUITestsLaunchTests.swift */,
			);
			path = CoffeTestAPpUITests;
			sourceTree = "<group>";
		};
/* End PBXGroup section */

/* Begin PBXNativeTarget section */
		FBEF5A7C29DD6D2B00844B20 /* CoffeTestAPp */ = {
			isa = PBXNativeTarget;
			buildConfigurationList = FBEF5AA729DD6D2C00844B20 /* Build configuration list for PBXNativeTarget "CoffeTestAPp" */;
			buildPhases = (
				FBEF5A7929DD6D2B00844B20 /* Sources */,
				FBEF5A7A29DD6D2B00844B20 /* Frameworks */,
				FBEF5A7B29DD6D2B00844B20 /* Resources */,
			);
			buildRules = (
			);
			dependencies = (
			);
			name = CoffeTestAPp;
			productName = CoffeTestAPp;
			productReference = FBEF5A7D29DD6D2B00844B20 /* CoffeTestAPp.app */;
			productType = "com.apple.product-type.application";
		};
		FBEF5A9229DD6D2C00844B20 /* CoffeTestAPpTests */ = {
			isa = PBXNativeTarget;
			buildConfigurationList = FBEF5AAA29DD6D2C00844B20 /* Build configuration list for PBXNativeTarget "CoffeTestAPpTests" */;
			buildPhases = (
				FBEF5A8F29DD6D2C00844B20 /* Sources */,
				FBEF5A9029DD6D2C00844B20 /* Frameworks */,
				FBEF5A9129DD6D2C00844B20 /* Resources */,
			);
			buildRules = (
			);
			dependencies = (
				FBEF5A9529DD6D2C00844B20 /* PBXTargetDependency */,
			);
			name = CoffeTestAPpTests;
			productName = CoffeTestAPpTests;
			productReference = FBEF5A9329DD6D2C00844B20 /* CoffeTestAPpTests.xctest */;
			productType = "com.apple.product-type.bundle.unit-test";
		};
		FBEF5A9C29DD6D2C00844B20 /* CoffeTestAPpUITests */ = {
			isa = PBXNativeTarget;
			buildConfigurationList = FBEF5AAD29DD6D2C00844B20 /* Build configuration list for PBXNativeTarget "CoffeTestAPpUITests" */;
			buildPhases = (
				FBEF5A9929DD6D2C00844B20 /* Sources */,
				FBEF5A9A29DD6D2C00844B20 /* Frameworks */,
				FBEF5A9B29DD6D2C00844B20 /* Resources */,
			);
			buildRules = (
			);
			dependencies = (
				FBEF5A9F29DD6D2C00844B20 /* PBXTargetDependency */,
			);
			name = CoffeTestAPpUITests;
			productName = CoffeTestAPpUITests;
			productReference = FBEF5A9D29DD6D2C00844B20 /* CoffeTestAPpUITests.xctest */;
			productType = "com.apple.product-type.bundle.ui-testing";
		};
/* End PBXNativeTarget section */

/* Begin PBXProject section */
		FBEF5A7529DD6D2B00844B20 /* Project object */ = {
			isa = PBXProject;
			attributes = {
				BuildIndependentTargetsInParallel = 1;
				LastSwiftUpdateCheck = 1420;
				LastUpgradeCheck = 1420;
				TargetAttributes = {
					FBEF5A7C29DD6D2B00844B20 = {
						CreatedOnToolsVersion = 14.2;
					};
					FBEF5A9229DD6D2C00844B20 = {
						CreatedOnToolsVersion = 14.2;
						TestTargetID = FBEF5A7C29DD6D2B00844B20;
					};
					FBEF5A9C29DD6D2C00844B20 = {
						CreatedOnToolsVersion = 14.2;
						TestTargetID = FBEF5A7C29DD6D2B00844B20;
					};
				};
			};
			buildConfigurationList = FBEF5A7829DD6D2B00844B20 /* Build configuration list for PBXProject "CoffeTestAPp" */;
			compatibilityVersion = "Xcode 14.0";
			developmentRegion = en;
			hasScannedForEncodings = 0;
			knownRegions = (
				en,
				Base,
			);
			mainGroup = FBEF5A7429DD6D2B00844B20;
			productRefGroup = FBEF5A7E29DD6D2B00844B20 /* Products */;
			projectDirPath = "";
			projectRoot = "";
			targets = (
				FBEF5A7C29DD6D2B00844B20 /* CoffeTestAPp */,
				FBEF5A9229DD6D2C00844B20 /* CoffeTestAPpTests */,
				FBEF5A9C29DD6D2C00844B20 /* CoffeTestAPpUITests */,
			);
		};
/* End PBXProject section */

/* Begin PBXResourcesBuildPhase section */
		FBEF5A7B29DD6D2B00844B20 /* Resources */ = {
			isa = PBXResourcesBuildPhase;
			buildActionMask = 2147483647;
			files = (
				FBEF5A8D29DD6D2C00844B20 /* LaunchScreen.storyboard in Resources */,
				FBEF5A8A29DD6D2C00844B20 /* Assets.xcassets in Resources */,
				FBEF5A8829DD6D2B00844B20 /* Main.storyboard in Resources */,
			);
			runOnlyForDeploymentPostprocessing = 0;
		};
		FBEF5A9129DD6D2C00844B20 /* Resources */ = {
			isa = PBXResourcesBuildPhase;
			buildActionMask = 2147483647;
			files = (
			);
			runOnlyForDeploymentPostprocessing = 0;
		};
		FBEF5A9B29DD6D2C00844B20 /* Resources */ = {
			isa = PBXResourcesBuildPhase;
			buildActionMask = 2147483647;
			files = (
			);
			runOnlyForDeploymentPostprocessing = 0;
		};
/* End PBXResourcesBuildPhase section */

/* Begin PBXSourcesBuildPhase section */
		FBEF5A7929DD6D2B00844B20 /* Sources */ = {
			isa = PBXSourcesBuildPhase;
			buildActionMask = 2147483647;
			files = (
				FBEF5A8529DD6D2B00844B20 /* ViewController.swift in Sources */,
				FBEF5A8129DD6D2B00844B20 /* AppDelegate.swift in Sources */,
				FBEF5A8329DD6D2B00844B20 /* SceneDelegate.swift in Sources */,
			);
			runOnlyForDeploymentPostprocessing = 0;
		};
		FBEF5A8F29DD6D2C00844B20 /* Sources */ = {
			isa = PBXSourcesBuildPhase;
			buildActionMask = 2147483647;
			files = (
				FBEF5A9829DD6D2C00844B20 /* CoffeTestAPpTests.swift in Sources */,
			);
			runOnlyForDeploymentPostprocessing = 0;
		};
		FBEF5A9929DD6D2C00844B20 /* Sources */ = {
			isa = PBXSourcesBuildPhase;
			buildActionMask = 2147483647;
			files = (
				FBEF5AA429DD6D2C00844B20 /* CoffeTestAPpUITestsLaunchTests.swift in Sources */,
				FBEF5AA229DD6D2C00844B20 /* CoffeTestAPpUITests.swift in Sources */,
			);
			runOnlyForDeploymentPostprocessing = 0;
		};
/* End PBXSourcesBuildPhase section */

/* Begin PBXTargetDependency section */
		FBEF5A9529DD6D2C00844B20 /* PBXTargetDependency */ = {
			isa = PBXTargetDependency;
			target = FBEF5A7C29DD6D2B00844B20 /* CoffeTestAPp */;
			targetProxy = FBEF5A9429DD6D2C00844B20 /* PBXContainerItemProxy */;
		};
		FBEF5A9F29DD6D2C00844B20 /* PBXTargetDependency */ = {
			isa = PBXTargetDependency;
			target = FBEF5A7C29DD6D2B00844B20 /* CoffeTestAPp */;
			targetProxy = FBEF5A9E29DD6D2C00844B20 /* PBXContainerItemProxy */;
		};
/* End PBXTargetDependency section */

/* Begin PBXVariantGroup section */
		FBEF5A8629DD6D2B00844B20 /* Main.storyboard */ = {
			isa = PBXVariantGroup;
			children = (
				FBEF5A8729DD6D2B00844B20 /* Base */,
			);
			name = Main.storyboard;
			sourceTree = "<group>";
		};
		FBEF5A8B29DD6D2C00844B20 /* LaunchScreen.storyboard */ = {
			isa = PBXVariantGroup;
			children = (
				FBEF5A8C29DD6D2C00844B20 /* Base */,
			);
			name = LaunchScreen.storyboard;
			sourceTree = "<group>";
		};
/* End PBXVariantGroup section */

/* Begin XCBuildConfiguration section */
		FBEF5AA529DD6D2C00844B20 /* Debug */ = {
			isa = XCBuildConfiguration;
			buildSettings = {
				ALWAYS_SEARCH_USER_PATHS = NO;
				CLANG_ANALYZER_NONNULL = YES;
				CLANG_ANALYZER_NUMBER_OBJECT_CONVERSION = YES_AGGRESSIVE;
				CLANG_CXX_LANGUAGE_STANDARD = "gnu++20";
				CLANG_ENABLE_MODULES = YES;
				CLANG_ENABLE_OBJC_ARC = YES;
				CLANG_ENABLE_OBJC_WEAK = YES;
				CLANG_WARN_BLOCK_CAPTURE_AUTORELEASING = YES;
				CLANG_WARN_BOOL_CONVERSION = YES;
				CLANG_WARN_COMMA = YES;
				CLANG_WARN_CONSTANT_CONVERSION = YES;
				CLANG_WARN_DEPRECATED_OBJC_IMPLEMENTATIONS = YES;
				CLANG_WARN_DIRECT_OBJC_ISA_USAGE = YES_ERROR;
				CLANG_WARN_DOCUMENTATION_COMMENTS = YES;
				CLANG_WARN_EMPTY_BODY = YES;
				CLANG_WARN_ENUM_CONVERSION = YES;
				CLANG_WARN_INFINITE_RECURSION = YES;
				CLANG_WARN_INT_CONVERSION = YES;
				CLANG_WARN_NON_LITERAL_NULL_CONVERSION = YES;
				CLANG_WARN_OBJC_IMPLICIT_RETAIN_SELF = YES;
				CLANG_WARN_OBJC_LITERAL_CONVERSION = YES;
				CLANG_WARN_OBJC_ROOT_CLASS = YES_ERROR;
				CLANG_WARN_QUOTED_INCLUDE_IN_FRAMEWORK_HEADER = YES;
				CLANG_WARN_RANGE_LOOP_ANALYSIS = YES;
				CLANG_WARN_STRICT_PROTOTYPES = YES;
				CLANG_WARN_SUSPICIOUS_MOVE = YES;
				CLANG_WARN_UNGUARDED_AVAILABILITY = YES_AGGRESSIVE;
				CLANG_WARN_UNREACHABLE_CODE = YES;
				CLANG_WARN__DUPLICATE_METHOD_MATCH = YES;
				COPY_PHASE_STRIP = NO;
				DEBUG_INFORMATION_FORMAT = dwarf;
				ENABLE_STRICT_OBJC_MSGSEND = YES;
				ENABLE_TESTABILITY = YES;
				GCC_C_LANGUAGE_STANDARD = gnu11;
				GCC_DYNAMIC_NO_PIC = NO;
				GCC_NO_COMMON_BLOCKS = YES;
				GCC_OPTIMIZATION_LEVEL = 0;
				GCC_PREPROCESSOR_DEFINITIONS = (
					"DEBUG=1",
					"$(inherited)",
				);
				GCC_WARN_64_TO_32_BIT_CONVERSION = YES;
				GCC_WARN_ABOUT_RETURN_TYPE = YES_ERROR;
				GCC_WARN_UNDECLARED_SELECTOR = YES;
				GCC_WARN_UNINITIALIZED_AUTOS = YES_AGGRESSIVE;
				GCC_WARN_UNUSED_FUNCTION = YES;
				GCC_WARN_UNUSED_VARIABLE = YES;
				IPHONEOS_DEPLOYMENT_TARGET = 16.2;
				MTL_ENABLE_DEBUG_INFO = INCLUDE_SOURCE;
				MTL_FAST_MATH = YES;
				ONLY_ACTIVE_ARCH = YES;
				SDKROOT = iphoneos;
				SWIFT_ACTIVE_COMPILATION_CONDITIONS = DEBUG;
				SWIFT_OPTIMIZATION_LEVEL = "-Onone";
			};
			name = Debug;
		};
		FBEF5AA629DD6D2C00844B20 /* Release */ = {
			isa = XCBuildConfiguration;
			buildSettings = {
				ALWAYS_SEARCH_USER_PATHS = NO;
				CLANG_ANALYZER_NONNULL = YES;
				CLANG_ANALYZER_NUMBER_OBJECT_CONVERSION = YES_AGGRESSIVE;
				CLANG_CXX_LANGUAGE_STANDARD = "gnu++20";
				CLANG_ENABLE_MODULES = YES;
				CLANG_ENABLE_OBJC_ARC = YES;
				CLANG_ENABLE_OBJC_WEAK = YES;
				CLANG_WARN_BLOCK_CAPTURE_AUTORELEASING = YES;
				CLANG_WARN_BOOL_CONVERSION = YES;
				CLANG_WARN_COMMA = YES;
				CLANG_WARN_CONSTANT_CONVERSION = YES;
				CLANG_WARN_DEPRECATED_OBJC_IMPLEMENTATIONS = YES;
				CLANG_WARN_DIRECT_OBJC_ISA_USAGE = YES_ERROR;
				CLANG_WARN_DOCUMENTATION_COMMENTS = YES;
				CLANG_WARN_EMPTY_BODY = YES;
				CLANG_WARN_ENUM_CONVERSION = YES;
				CLANG_WARN_INFINITE_RECURSION = YES;
				CLANG_WARN_INT_CONVERSION = YES;
				CLANG_WARN_NON_LITERAL_NULL_CONVERSION = YES;
				CLANG_WARN_OBJC_IMPLICIT_RETAIN_SELF = YES;
				CLANG_WARN_OBJC_LITERAL_CONVERSION = YES;
				CLANG_WARN_OBJC_ROOT_CLASS = YES_ERROR;
				CLANG_WARN_QUOTED_INCLUDE_IN_FRAMEWORK_HEADER = YES;
				CLANG_WARN_RANGE_LOOP_ANALYSIS = YES;
				CLANG_WARN_STRICT_PROTOTYPES = YES;
				CLANG_WARN_SUSPICIOUS_MOVE = YES;
				CLANG_WARN_UNGUARDED_AVAILABILITY = YES_AGGRESSIVE;
				CLANG_WARN_UNREACHABLE_CODE = YES;
				CLANG_WARN__DUPLICATE_METHOD_MATCH = YES;
				COPY_PHASE_STRIP = NO;
				DEBUG_INFORMATION_FORMAT = "dwarf-with-dsym";
				ENABLE_NS_ASSERTIONS = NO;
				ENABLE_STRICT_OBJC_MSGSEND = YES;
				GCC_C_LANGUAGE_STANDARD = gnu11;
				GCC_NO_COMMON_BLOCKS = YES;
				GCC_WARN_64_TO_32_BIT_CONVERSION = YES;
				GCC_WARN_ABOUT_RETURN_TYPE = YES_ERROR;
				GCC_WARN_UNDECLARED_SELECTOR = YES;
				GCC_WARN_UNINITIALIZED_AUTOS = YES_AGGRESSIVE;
				GCC_WARN_UNUSED_FUNCTION = YES;
				GCC_WARN_UNUSED_VARIABLE = YES;
				IPHONEOS_DEPLOYMENT_TARGET = 16.2;
				MTL_ENABLE_DEBUG_INFO = NO;
				MTL_FAST_MATH = YES;
				SDKROOT = iphoneos;
				SWIFT_COMPILATION_MODE = wholemodule;
				SWIFT_OPTIMIZATION_LEVEL = "-O";
				VALIDATE_PRODUCT = YES;
			};
			name = Release;
		};
		FBEF5AA829DD6D2C00844B20 /* Debug */ = {
			isa = XCBuildConfiguration;
			buildSettings = {
				ASSETCATALOG_COMPILER_APPICON_NAME = AppIcon;
				ASSETCATALOG_COMPILER_GLOBAL_ACCENT_COLOR_NAME = AccentColor;
				CODE_SIGN_STYLE = Automatic;
				CURRENT_PROJECT_VERSION = 1;
				DEVELOPMENT_TEAM = KJ8U5BNAN4;
				GENERATE_INFOPLIST_FILE = YES;
				INFOPLIST_FILE = CoffeTestAPp/Info.plist;
				INFOPLIST_KEY_UIApplicationSupportsIndirectInputEvents = YES;
				INFOPLIST_KEY_UILaunchStoryboardName = LaunchScreen;
				INFOPLIST_KEY_UIMainStoryboardFile = Main;
				INFOPLIST_KEY_UISupportedInterfaceOrientations_iPad = "UIInterfaceOrientationPortrait UIInterfaceOrientationPortraitUpsideDown UIInterfaceOrientationLandscapeLeft UIInterfaceOrientationLandscapeRight";
				INFOPLIST_KEY_UISupportedInterfaceOrientations_iPhone = "UIInterfaceOrientationPortrait UIInterfaceOrientationLandscapeLeft UIInterfaceOrientationLandscapeRight";
				LD_RUNPATH_SEARCH_PATHS = (
					"$(inherited)",
					"@executable_path/Frameworks",
				);
				MARKETING_VERSION = 1.0;
				PRODUCT_BUNDLE_IDENTIFIER = com.ssa.CoffeTestAPp;
				PRODUCT_NAME = "$(TARGET_NAME)";
				SWIFT_EMIT_LOC_STRINGS = YES;
				SWIFT_VERSION = 5.0;
				TARGETED_DEVICE_FAMILY = "1,2";
			};
			name = Debug;
		};
		FBEF5AA929DD6D2C00844B20 /* Release */ = {
			isa = XCBuildConfiguration;
			buildSettings = {
				ASSETCATALOG_COMPILER_APPICON_NAME = AppIcon;
				ASSETCATALOG_COMPILER_GLOBAL_ACCENT_COLOR_NAME = AccentColor;
				CODE_SIGN_STYLE = Automatic;
				CURRENT_PROJECT_VERSION = 1;
				DEVELOPMENT_TEAM = KJ8U5BNAN4;
				GENERATE_INFOPLIST_FILE = YES;
				INFOPLIST_FILE = CoffeTestAPp/Info.plist;
				INFOPLIST_KEY_UIApplicationSupportsIndirectInputEvents = YES;
				INFOPLIST_KEY_UILaunchStoryboardName = LaunchScreen;
				INFOPLIST_KEY_UIMainStoryboardFile = Main;
				INFOPLIST_KEY_UISupportedInterfaceOrientations_iPad = "UIInterfaceOrientationPortrait UIInterfaceOrientationPortraitUpsideDown UIInterfaceOrientationLandscapeLeft UIInterfaceOrientationLandscapeRight";
				INFOPLIST_KEY_UISupportedInterfaceOrientations_iPhone = "UIInterfaceOrientationPortrait UIInterfaceOrientationLandscapeLeft UIInterfaceOrientationLandscapeRight";
				LD_RUNPATH_SEARCH_PATHS = (
					"$(inherited)",
					"@executable_path/Frameworks",
				);
				MARKETING_VERSION = 1.0;
				PRODUCT_BUNDLE_IDENTIFIER = com.ssa.CoffeTestAPp;
				PRODUCT_NAME = "$(TARGET_NAME)";
				SWIFT_EMIT_LOC_STRINGS = YES;
				SWIFT_VERSION = 5.0;
				TARGETED_DEVICE_FAMILY = "1,2";
			};
			name = Release;
		};
		FBEF5AAB29DD6D2C00844B20 /* Debug */ = {
			isa = XCBuildConfiguration;
			buildSettings = {
				ALWAYS_EMBED_SWIFT_STANDARD_LIBRARIES = YES;
				BUNDLE_LOADER = "$(TEST_HOST)";
				CODE_SIGN_STYLE = Automatic;
				CURRENT_PROJECT_VERSION = 1;
				DEVELOPMENT_TEAM = KJ8U5BNAN4;
				GENERATE_INFOPLIST_FILE = YES;
				IPHONEOS_DEPLOYMENT_TARGET = 16.2;
				MARKETING_VERSION = 1.0;
				PRODUCT_BUNDLE_IDENTIFIER = com.ssa.CoffeTestAPpTests;
				PRODUCT_NAME = "$(TARGET_NAME)";
				SWIFT_EMIT_LOC_STRINGS = NO;
				SWIFT_VERSION = 5.0;
				TARGETED_DEVICE_FAMILY = "1,2";
				TEST_HOST = "$(BUILT_PRODUCTS_DIR)/CoffeTestAPp.app/$(BUNDLE_EXECUTABLE_FOLDER_PATH)/CoffeTestAPp";
			};
			name = Debug;
		};
		FBEF5AAC29DD6D2C00844B20 /* Release */ = {
			isa = XCBuildConfiguration;
			buildSettings = {
				ALWAYS_EMBED_SWIFT_STANDARD_LIBRARIES = YES;
				BUNDLE_LOADER = "$(TEST_HOST)";
				CODE_SIGN_STYLE = Automatic;
				CURRENT_PROJECT_VERSION = 1;
				DEVELOPMENT_TEAM = KJ8U5BNAN4;
				GENERATE_INFOPLIST_FILE = YES;
				IPHONEOS_DEPLOYMENT_TARGET = 16.2;
				MARKETING_VERSION = 1.0;
				PRODUCT_BUNDLE_IDENTIFIER = com.ssa.CoffeTestAPpTests;
				PRODUCT_NAME = "$(TARGET_NAME)";
				SWIFT_EMIT_LOC_STRINGS = NO;
				SWIFT_VERSION = 5.0;
				TARGETED_DEVICE_FAMILY = "1,2";
				TEST_HOST = "$(BUILT_PRODUCTS_DIR)/CoffeTestAPp.app/$(BUNDLE_EXECUTABLE_FOLDER_PATH)/CoffeTestAPp";
			};
			name = Release;
		};
		FBEF5AAE29DD6D2C00844B20 /* Debug */ = {
			isa = XCBuildConfiguration;
			buildSettings = {
				ALWAYS_EMBED_SWIFT_STANDARD_LIBRARIES = YES;
				CODE_SIGN_STYLE = Automatic;
				CURRENT_PROJECT_VERSION = 1;
				DEVELOPMENT_TEAM = KJ8U5BNAN4;
				GENERATE_INFOPLIST_FILE = YES;
				MARKETING_VERSION = 1.0;
				PRODUCT_BUNDLE_IDENTIFIER = com.ssa.CoffeTestAPpUITests;
				PRODUCT_NAME = "$(TARGET_NAME)";
				SWIFT_EMIT_LOC_STRINGS = NO;
				SWIFT_VERSION = 5.0;
				TARGETED_DEVICE_FAMILY = "1,2";
				TEST_TARGET_NAME = CoffeTestAPp;
			};
			name = Debug;
		};
		FBEF5AAF29DD6D2C00844B20 /* Release */ = {
			isa = XCBuildConfiguration;
			buildSettings = {
				ALWAYS_EMBED_SWIFT_STANDARD_LIBRARIES = YES;
				CODE_SIGN_STYLE = Automatic;
				CURRENT_PROJECT_VERSION = 1;
				DEVELOPMENT_TEAM = KJ8U5BNAN4;
				GENERATE_INFOPLIST_FILE = YES;
				MARKETING_VERSION = 1.0;
				PRODUCT_BUNDLE_IDENTIFIER = com.ssa.CoffeTestAPpUITests;
				PRODUCT_NAME = "$(TARGET_NAME)";
				SWIFT_EMIT_LOC_STRINGS = NO;
				SWIFT_VERSION = 5.0;
				TARGETED_DEVICE_FAMILY = "1,2";
				TEST_TARGET_NAME = CoffeTestAPp;
			};
			name = Release;
		};
/* End XCBuildConfiguration section */

/* Begin XCConfigurationList section */
		FBEF5A7829DD6D2B00844B20 /* Build configuration list for PBXProject "CoffeTestAPp" */ = {
			isa = XCConfigurationList;
			buildConfigurations = (
				FBEF5AA529DD6D2C00844B20 /* Debug */,
				FBEF5AA629DD6D2C00844B20 /* Release */,
			);
			defaultConfigurationIsVisible = 0;
			defaultConfigurationName = Release;
		};
		FBEF5AA729DD6D2C00844B20 /* Build configuration list for PBXNativeTarget "CoffeTestAPp" */ = {
			isa = XCConfigurationList;
			buildConfigurations = (
				FBEF5AA829DD6D2C00844B20 /* Debug */,
				FBEF5AA929DD6D2C00844B20 /* Release */,
			);
			defaultConfigurationIsVisible = 0;
			defaultConfigurationName = Release;
		};
		FBEF5AAA29DD6D2C00844B20 /* Build configuration list for PBXNativeTarget "CoffeTestAPpTests" */ = {
			isa = XCConfigurationList;
			buildConfigurations = (
				FBEF5AAB29DD6D2C00844B20 /* Debug */,
				FBEF5AAC29DD6D2C00844B20 /* Release */,
			);
			defaultConfigurationIsVisible = 0;
			defaultConfigurationName = Release;
		};
		FBEF5AAD29DD6D2C00844B20 /* Build configuration list for PBXNativeTarget "CoffeTestAPpUITests" */ = {
			isa = XCConfigurationList;
			buildConfigurations = (
				FBEF5AAE29DD6D2C00844B20 /* Debug */,
				FBEF5AAF29DD6D2C00844B20 /* Release */,
			);
			defaultConfigurationIsVisible = 0;
			defaultConfigurationName = Release;
		};
/* End XCConfigurationList section */
	};
	rootObject = FBEF5A7529DD6D2B00844B20 /* Project object */;
}
