// !$*UTF8*$!
{
	archiveVersion = 1;
	classes = {
	};
	objectVersion = 56;
	objects = {

/* Begin PBXBuildFile section */
		7330FDBDA4D90F2371CFFFA6 /* Pods_CoffeTestAPp.framework in Frameworks */ = {isa = PBXBuildFile; fileRef = 13FCF5ABD3C847C05B49D1FA /* Pods_CoffeTestAPp.framework */; };
		B9A3FFBC0CFE172BD812BC04 /* Pods_CoffeTestAPp_CoffeTestAPpUITests.framework in Frameworks */ = {isa = PBXBuildFile; fileRef = 0360893FD3F45472B8EB0F57 /* Pods_CoffeTestAPp_CoffeTestAPpUITests.framework */; };
		FBEF5A8129DD6D2B00844B20 /* AppDelegate.swift in Sources */ = {isa = PBXBuildFile; fileRef = FBEF5A8029DD6D2B00844B20 /* AppDelegate.swift */; };
		FBEF5A8329DD6D2B00844B20 /* SceneDelegate.swift in Sources */ = {isa = PBXBuildFile; fileRef = FBEF5A8229DD6D2B00844B20 /* SceneDelegate.swift */; };
		FBEF5A8529DD6D2B00844B20 /* ViewController.swift in Sources */ = {isa = PBXBuildFile; fileRef = FBEF5A8429DD6D2B00844B20 /* ViewController.swift */; };
		FBEF5A8A29DD6D2C00844B20 /* Assets.xcassets in Resources */ = {isa = PBXBuildFile; fileRef = FBEF5A8929DD6D2C00844B20 /* Assets.xcassets */; };
		FBEF5A8D29DD6D2C00844B20 /* LaunchScreen.storyboard in Resources */ = {isa = PBXBuildFile; fileRef = FBEF5A8B29DD6D2C00844B20 /* LaunchScreen.storyboard */; };
		FBEF5A9829DD6D2C00844B20 /* CoffeTestAPpTests.swift in Sources */ = {isa = PBXBuildFile; fileRef = FBEF5A9729DD6D2C00844B20 /* CoffeTestAPpTests.swift */; };
		FBEF5AA229DD6D2C00844B20 /* CoffeTestAPpUITests.swift in Sources */ = {isa = PBXBuildFile; fileRef = FBEF5AA129DD6D2C00844B20 /* CoffeTestAPpUITests.swift */; };
		FBEF5AA429DD6D2C00844B20 /* CoffeTestAPpUITestsLaunchTests.swift in Sources */ = {isa = PBXBuildFile; fileRef = FBEF5AA329DD6D2C00844B20 /* CoffeTestAPpUITestsLaunchTests.swift */; };
		FBEF5AB229DD6E4C00844B20 /* Item.swift in Sources */ = {isa = PBXBuildFile; fileRef = FBEF5AB129DD6E4C00844B20 /* Item.swift */; };
		FBEF5AB429DD6E6900844B20 /* Order.swift in Sources */ = {isa = PBXBuildFile; fileRef = FBEF5AB329DD6E6900844B20 /* Order.swift */; };
		FBEF5AB629DD702700844B20 /* ItemCell.swift in Sources */ = {isa = PBXBuildFile; fileRef = FBEF5AB529DD702700844B20 /* ItemCell.swift */; };
		FBEF5ABB29DD7FA800844B20 /* ReviewController.swift in Sources */ = {isa = PBXBuildFile; fileRef = FBEF5ABA29DD7FA800844B20 /* ReviewController.swift */; };
		FBEF5ABD29DD806A00844B20 /* SummaryCell.swift in Sources */ = {isa = PBXBuildFile; fileRef = FBEF5ABC29DD806A00844B20 /* SummaryCell.swift */; };
		FBF296507CFB6E3C3E76EF0E /* Pods_CoffeTestAPpTests.framework in Frameworks */ = {isa = PBXBuildFile; fileRef = C682A98E7A33C2E9865130D6 /* Pods_CoffeTestAPpTests.framework */; };
/* End PBXBuildFile section */

/* Begin PBXContainerItemProxy section */
		FBEF5A9429DD6D2C00844B20 /* PBXContainerItemProxy */ = {
			isa = PBXContainerItemProxy;
			containerPortal = FBEF5A7529DD6D2B00844B20 /* Project object */;
			proxyType = 1;
			remoteGlobalIDString = FBEF5A7C29DD6D2B00844B20;
			remoteInfo = CoffeTestAPp;
		};
		FBEF5A9E29DD6D2C00844B20 /* PBXContainerItemProxy */ = {
			isa = PBXContainerItemProxy;
			containerPortal = FBEF5A7529DD6D2B00844B20 /* Project object */;
			proxyType = 1;
			remoteGlobalIDString = FBEF5A7C29DD6D2B00844B20;
			remoteInfo = CoffeTestAPp;
		};
/* End PBXContainerItemProxy section */

/* Begin PBXFileReference section */
		0360893FD3F45472B8EB0F57 /* Pods_CoffeTestAPp_CoffeTestAPpUITests.framework */ = {isa = PBXFileReference; explicitFileType = wrapper.framework; includeInIndex = 0; path = Pods_CoffeTestAPp_CoffeTestAPpUITests.framework; sourceTree = BUILT_PRODUCTS_DIR; };
		13FCF5ABD3C847C05B49D1FA /* Pods_CoffeTestAPp.framework */ = {isa = PBXFileReference; explicitFileType = wrapper.framework; includeInIndex = 0; path = Pods_CoffeTestAPp.framework; sourceTree = BUILT_PRODUCTS_DIR; };
		16C6F4EB1020C85B90ED2F5C /* Pods-CoffeTestAPp.release.xcconfig */ = {isa = PBXFileReference; includeInIndex = 1; lastKnownFileType = text.xcconfig; name = "Pods-CoffeTestAPp.release.xcconfig"; path = "Target Support Files/Pods-CoffeTestAPp/Pods-CoffeTestAPp.release.xcconfig"; sourceTree = "<group>"; };
		1C3A67E43320C3C2FE2391BA /* Pods-CoffeTestAPpTests.release.xcconfig */ = {isa = PBXFileReference; includeInIndex = 1; lastKnownFileType = text.xcconfig; name = "Pods-CoffeTestAPpTests.release.xcconfig"; path = "Target Support Files/Pods-CoffeTestAPpTests/Pods-CoffeTestAPpTests.release.xcconfig"; sourceTree = "<group>"; };
		219A1943DFAB2D9094290FF0 /* Pods-CoffeTestAPp-CoffeTestAPpUITests.debug.xcconfig */ = {isa = PBXFileReference; includeInIndex = 1; lastKnownFileType = text.xcconfig; name = "Pods-CoffeTestAPp-CoffeTestAPpUITests.debug.xcconfig"; path = "Target Support Files/Pods-CoffeTestAPp-CoffeTestAPpUITests/Pods-CoffeTestAPp-CoffeTestAPpUITests.debug.xcconfig"; sourceTree = "<group>"; };
		9BE389AE7EABCF45A60C3C6B /* Pods-CoffeTestAPpTests.debug.xcconfig */ = {isa = PBXFileReference; includeInIndex = 1; lastKnownFileType = text.xcconfig; name = "Pods-CoffeTestAPpTests.debug.xcconfig"; path = "Target Support Files/Pods-CoffeTestAPpTests/Pods-CoffeTestAPpTests.debug.xcconfig"; sourceTree = "<group>"; };
		A145D33F23B7BCAE6414C7AF /* Pods-CoffeTestAPp.debug.xcconfig */ = {isa = PBXFileReference; includeInIndex = 1; lastKnownFileType = text.xcconfig; name = "Pods-CoffeTestAPp.debug.xcconfig"; path = "Target Support Files/Pods-CoffeTestAPp/Pods-CoffeTestAPp.debug.xcconfig"; sourceTree = "<group>"; };
		B6C5F975B7C7688168C2EAD2 /* Pods-CoffeTestAPp-CoffeTestAPpUITests.release.xcconfig */ = {isa = PBXFileReference; includeInIndex = 1; lastKnownFileType = text.xcconfig; name = "Pods-CoffeTestAPp-CoffeTestAPpUITests.release.xcconfig"; path = "Target Support Files/Pods-CoffeTestAPp-CoffeTestAPpUITests/Pods-CoffeTestAPp-CoffeTestAPpUITests.release.xcconfig"; sourceTree = "<group>"; };
		C682A98E7A33C2E9865130D6 /* Pods_CoffeTestAPpTests.framework */ = {isa = PBXFileReference; explicitFileType = wrapper.framework; includeInIndex = 0; path = Pods_CoffeTestAPpTests.framework; sourceTree = BUILT_PRODUCTS_DIR; };
		FBEF5A7D29DD6D2B00844B20 /* CoffeTestAPp.app */ = {isa = PBXFileReference; explicitFileType = wrapper.application; includeInIndex = 0; path = CoffeTestAPp.app; sourceTree = BUILT_PRODUCTS_DIR; };
		FBEF5A8029DD6D2B00844B20 /* AppDelegate.swift */ = {isa = PBXFileReference; lastKnownFileType = sourcecode.swift; path = AppDelegate.swift; sourceTree = "<group>"; };
		FBEF5A8229DD6D2B00844B20 /* SceneDelegate.swift */ = {isa = PBXFileReference; lastKnownFileType = sourcecode.swift; path = SceneDelegate.swift; sourceTree = "<group>"; };
		FBEF5A8429DD6D2B00844B20 /* ViewController.swift */ = {isa = PBXFileReference; lastKnownFileType = sourcecode.swift; path = ViewController.swift; sourceTree = "<group>"; };
		FBEF5A8929DD6D2C00844B20 /* Assets.xcassets */ = {isa = PBXFileReference; lastKnownFileType = folder.assetcatalog; path = Assets.xcassets; sourceTree = "<group>"; };
		FBEF5A8C29DD6D2C00844B20 /* Base */ = {isa = PBXFileReference; lastKnownFileType = file.storyboard; name = Base; path = Base.lproj/LaunchScreen.storyboard; sourceTree = "<group>"; };
		FBEF5A8E29DD6D2C00844B20 /* Info.plist */ = {isa = PBXFileReference; lastKnownFileType = text.plist.xml; path = Info.plist; sourceTree = "<group>"; };
		FBEF5A9329DD6D2C00844B20 /* CoffeTestAPpTests.xctest */ = {isa = PBXFileReference; explicitFileType = wrapper.cfbundle; includeInIndex = 0; path = CoffeTestAPpTests.xctest; sourceTree = BUILT_PRODUCTS_DIR; };
		FBEF5A9729DD6D2C00844B20 /* CoffeTestAPpTests.swift */ = {isa = PBXFileReference; lastKnownFileType = sourcecode.swift; path = CoffeTestAPpTests.swift; sourceTree = "<group>"; };
		FBEF5A9D29DD6D2C00844B20 /* CoffeTestAPpUITests.xctest */ = {isa = PBXFileReference; explicitFileType = wrapper.cfbundle; includeInIndex = 0; path = CoffeTestAPpUITests.xctest; sourceTree = BUILT_PRODUCTS_DIR; };
		FBEF5AA129DD6D2C00844B20 /* CoffeTestAPpUITests.swift */ = {isa = PBXFileReference; lastKnownFileType = sourcecode.swift; path = CoffeTestAPpUITests.swift; sourceTree = "<group>"; };
		FBEF5AA329DD6D2C00844B20 /* CoffeTestAPpUITestsLaunchTests.swift */ = {isa = PBXFileReference; lastKnownFileType = sourcecode.swift; path = CoffeTestAPpUITestsLaunchTests.swift; sourceTree = "<group>"; };
		FBEF5AB129DD6E4C00844B20 /* Item.swift */ = {isa = PBXFileReference; lastKnownFileType = sourcecode.swift; path = Item.swift; sourceTree = "<group>"; };
		FBEF5AB329DD6E6900844B20 /* Order.swift */ = {isa = PBXFileReference; lastKnownFileType = sourcecode.swift; path = Order.swift; sourceTree = "<group>"; };
		FBEF5AB529DD702700844B20 /* ItemCell.swift */ = {isa = PBXFileReference; lastKnownFileType = sourcecode.swift; path = ItemCell.swift; sourceTree = "<group>"; };
		FBEF5ABA29DD7FA800844B20 /* ReviewController.swift */ = {isa = PBXFileReference; lastKnownFileType = sourcecode.swift; path = ReviewController.swift; sourceTree = "<group>"; };
		FBEF5ABC29DD806A00844B20 /* SummaryCell.swift */ = {isa = PBXFileReference; lastKnownFileType = sourcecode.swift; path = SummaryCell.swift; sourceTree = "<group>"; };
/* End PBXFileReference section */

/* Begin PBXFrameworksBuildPhase section */
		FBEF5A7A29DD6D2B00844B20 /* Frameworks */ = {
			isa = PBXFrameworksBuildPhase;
			buildActionMask = 2147483647;
			files = (
				7330FDBDA4D90F2371CFFFA6 /* Pods_CoffeTestAPp.framework in Frameworks */,
			);
			runOnlyForDeploymentPostprocessing = 0;
		};
		FBEF5A9029DD6D2C00844B20 /* Frameworks */ = {
			isa = PBXFrameworksBuildPhase;
			buildActionMask = 2147483647;
			files = (
				FBF296507CFB6E3C3E76EF0E /* Pods_CoffeTestAPpTests.framework in Frameworks */,
			);
			runOnlyForDeploymentPostprocessing = 0;
		};
		FBEF5A9A29DD6D2C00844B20 /* Frameworks */ = {
			isa = PBXFrameworksBuildPhase;
			buildActionMask = 2147483647;
			files = (
				B9A3FFBC0CFE172BD812BC04 /* Pods_CoffeTestAPp_CoffeTestAPpUITests.framework in Frameworks */,
			);
			runOnlyForDeploymentPostprocessing = 0;
		};
/* End PBXFrameworksBuildPhase section */

/* Begin PBXGroup section */
		6F750B27C5C7B6F9AC1809EC /* Frameworks */ = {
			isa = PBXGroup;
			children = (
				13FCF5ABD3C847C05B49D1FA /* Pods_CoffeTestAPp.framework */,
				0360893FD3F45472B8EB0F57 /* Pods_CoffeTestAPp_CoffeTestAPpUITests.framework */,
				C682A98E7A33C2E9865130D6 /* Pods_CoffeTestAPpTests.framework */,
			);
			name = Frameworks;
			sourceTree = "<group>";
		};
		87B6E4B1B782A8FEB0223559 /* Pods */ = {
			isa = PBXGroup;
			children = (
				A145D33F23B7BCAE6414C7AF /* Pods-CoffeTestAPp.debug.xcconfig */,
				16C6F4EB1020C85B90ED2F5C /* Pods-CoffeTestAPp.release.xcconfig */,
				219A1943DFAB2D9094290FF0 /* Pods-CoffeTestAPp-CoffeTestAPpUITests.debug.xcconfig */,
				B6C5F975B7C7688168C2EAD2 /* Pods-CoffeTestAPp-CoffeTestAPpUITests.release.xcconfig */,
				9BE389AE7EABCF45A60C3C6B /* Pods-CoffeTestAPpTests.debug.xcconfig */,
				1C3A67E43320C3C2FE2391BA /* Pods-CoffeTestAPpTests.release.xcconfig */,
			);
			path = Pods;
			sourceTree = "<group>";
		};
		FBEF5A7429DD6D2B00844B20 = {
			isa = PBXGroup;
			children = (
				FBEF5A7F29DD6D2B00844B20 /* CoffeTestAPp */,
				FBEF5A9629DD6D2C00844B20 /* CoffeTestAPpTests */,
				FBEF5AA029DD6D2C00844B20 /* CoffeTestAPpUITests */,
				FBEF5A7E29DD6D2B00844B20 /* Products */,
				87B6E4B1B782A8FEB0223559 /* Pods */,
				6F750B27C5C7B6F9AC1809EC /* Frameworks */,
			);
			sourceTree = "<group>";
		};
		FBEF5A7E29DD6D2B00844B20 /* Products */ = {
			isa = PBXGroup;
			children = (
				FBEF5A7D29DD6D2B00844B20 /* CoffeTestAPp.app */,
				FBEF5A9329DD6D2C00844B20 /* CoffeTestAPpTests.xctest */,
				FBEF5A9D29DD6D2C00844B20 /* CoffeTestAPpUITests.xctest */,
			);
			name = Products;
			sourceTree = "<group>";
		};
		FBEF5A7F29DD6D2B00844B20 /* CoffeTestAPp */ = {
			isa = PBXGroup;
			children = (
				FBEF5AB729DD78D500844B20 /* UI */,
				FBEF5AB029DD6E3100844B20 /* Models */,
				FBEF5A8029DD6D2B00844B20 /* AppDelegate.swift */,
				FBEF5A8229DD6D2B00844B20 /* SceneDelegate.swift */,
				FBEF5A8429DD6D2B00844B20 /* ViewController.swift */,
				FBEF5A8929DD6D2C00844B20 /* Assets.xcassets */,
				FBEF5A8B29DD6D2C00844B20 /* LaunchScreen.storyboard */,
				FBEF5A8E29DD6D2C00844B20 /* Info.plist */,
			);
			path = CoffeTestAPp;
			sourceTree = "<group>";
		};
		FBEF5A9629DD6D2C00844B20 /* CoffeTestAPpTests */ = {
			isa = PBXGroup;
			children = (
				FBEF5A9729DD6D2C00844B20 /* CoffeTestAPpTests.swift */,
			);
			path = CoffeTestAPpTests;
			sourceTree = "<group>";
		};
		FBEF5AA029DD6D2C00844B20 /* CoffeTestAPpUITests */ = {
			isa = PBXGroup;
			children = (
				FBEF5AA129DD6D2C00844B20 /* CoffeTestAPpUITests.swift */,
				FBEF5AA329DD6D2C00844B20 /* CoffeTestAPpUITestsLaunchTests.swift */,
			);
			path = CoffeTestAPpUITests;
			sourceTree = "<group>";
		};
		FBEF5AB029DD6E3100844B20 /* Models */ = {
			isa = PBXGroup;
			children = (
				FBEF5AB129DD6E4C00844B20 /* Item.swift */,
				FBEF5AB329DD6E6900844B20 /* Order.swift */,
			);
			path = Models;
			sourceTree = "<group>";
		};
		FBEF5AB729DD78D500844B20 /* UI */ = {
			isa = PBXGroup;
			children = (
				FBEF5AB929DD7F9E00844B20 /* VC */,
				FBEF5AB829DD7F9600844B20 /* cells */,
			);
			path = UI;
			sourceTree = "<group>";
		};
		FBEF5AB829DD7F9600844B20 /* cells */ = {
			isa = PBXGroup;
			children = (
				FBEF5AB529DD702700844B20 /* ItemCell.swift */,
				FBEF5ABC29DD806A00844B20 /* SummaryCell.swift */,
			);
			path = cells;
			sourceTree = "<group>";
		};
		FBEF5AB929DD7F9E00844B20 /* VC */ = {
			isa = PBXGroup;
			children = (
				FBEF5ABA29DD7FA800844B20 /* ReviewController.swift */,
			);
			path = VC;
			sourceTree = "<group>";
		};
/* End PBXGroup section */

/* Begin PBXNativeTarget section */
		FBEF5A7C29DD6D2B00844B20 /* CoffeTestAPp */ = {
			isa = PBXNativeTarget;
			buildConfigurationList = FBEF5AA729DD6D2C00844B20 /* Build configuration list for PBXNativeTarget "CoffeTestAPp" */;
			buildPhases = (
				5BEB21D120404BE1E65B9DAF /* [CP] Check Pods Manifest.lock */,
				FBEF5A7929DD6D2B00844B20 /* Sources */,
				FBEF5A7A29DD6D2B00844B20 /* Frameworks */,
				FBEF5A7B29DD6D2B00844B20 /* Resources */,
				2A5DEA4AABAE4BA21A98E54F /* [CP] Embed Pods Frameworks */,
			);
			buildRules = (
			);
			dependencies = (
			);
			name = CoffeTestAPp;
			productName = CoffeTestAPp;
			productReference = FBEF5A7D29DD6D2B00844B20 /* CoffeTestAPp.app */;
			productType = "com.apple.product-type.application";
		};
		FBEF5A9229DD6D2C00844B20 /* CoffeTestAPpTests */ = {
			isa = PBXNativeTarget;
			buildConfigurationList = FBEF5AAA29DD6D2C00844B20 /* Build configuration list for PBXNativeTarget "CoffeTestAPpTests" */;
			buildPhases = (
				AB40C0D5FD9BC34E6B125562 /* [CP] Check Pods Manifest.lock */,
				FBEF5A8F29DD6D2C00844B20 /* Sources */,
				FBEF5A9029DD6D2C00844B20 /* Frameworks */,
				FBEF5A9129DD6D2C00844B20 /* Resources */,
			);
			buildRules = (
			);
			dependencies = (
				FBEF5A9529DD6D2C00844B20 /* PBXTargetDependency */,
			);
			name = CoffeTestAPpTests;
			productName = CoffeTestAPpTests;
			productReference = FBEF5A9329DD6D2C00844B20 /* CoffeTestAPpTests.xctest */;
			productType = "com.apple.product-type.bundle.unit-test";
		};
		FBEF5A9C29DD6D2C00844B20 /* CoffeTestAPpUITests */ = {
			isa = PBXNativeTarget;
			buildConfigurationList = FBEF5AAD29DD6D2C00844B20 /* Build configuration list for PBXNativeTarget "CoffeTestAPpUITests" */;
			buildPhases = (
				793990DABDC8D8C44483C69F /* [CP] Check Pods Manifest.lock */,
				FBEF5A9929DD6D2C00844B20 /* Sources */,
				FBEF5A9A29DD6D2C00844B20 /* Frameworks */,
				FBEF5A9B29DD6D2C00844B20 /* Resources */,
				88B357DE808C72DAFCC91B97 /* [CP] Embed Pods Frameworks */,
			);
			buildRules = (
			);
			dependencies = (
				FBEF5A9F29DD6D2C00844B20 /* PBXTargetDependency */,
			);
			name = CoffeTestAPpUITests;
			productName = CoffeTestAPpUITests;
			productReference = FBEF5A9D29DD6D2C00844B20 /* CoffeTestAPpUITests.xctest */;
			productType = "com.apple.product-type.bundle.ui-testing";
		};
/* End PBXNativeTarget section */

/* Begin PBXProject section */
		FBEF5A7529DD6D2B00844B20 /* Project object */ = {
			isa = PBXProject;
			attributes = {
				BuildIndependentTargetsInParallel = 1;
				LastSwiftUpdateCheck = 1420;
				LastUpgradeCheck = 1420;
				TargetAttributes = {
					FBEF5A7C29DD6D2B00844B20 = {
						CreatedOnToolsVersion = 14.2;
					};
					FBEF5A9229DD6D2C00844B20 = {
						CreatedOnToolsVersion = 14.2;
						TestTargetID = FBEF5A7C29DD6D2B00844B20;
					};
					FBEF5A9C29DD6D2C00844B20 = {
						CreatedOnToolsVersion = 14.2;
						TestTargetID = FBEF5A7C29DD6D2B00844B20;
					};
				};
			};
			buildConfigurationList = FBEF5A7829DD6D2B00844B20 /* Build configuration list for PBXProject "CoffeTestAPp" */;
			compatibilityVersion = "Xcode 14.0";
			developmentRegion = en;
			hasScannedForEncodings = 0;
			knownRegions = (
				en,
				Base,
			);
			mainGroup = FBEF5A7429DD6D2B00844B20;
			productRefGroup = FBEF5A7E29DD6D2B00844B20 /* Products */;
			projectDirPath = "";
			projectRoot = "";
			targets = (
				FBEF5A7C29DD6D2B00844B20 /* CoffeTestAPp */,
				FBEF5A9229DD6D2C00844B20 /* CoffeTestAPpTests */,
				FBEF5A9C29DD6D2C00844B20 /* CoffeTestAPpUITests */,
			);
		};
/* End PBXProject section */

/* Begin PBXResourcesBuildPhase section */
		FBEF5A7B29DD6D2B00844B20 /* Resources */ = {
			isa = PBXResourcesBuildPhase;
			buildActionMask = 2147483647;
			files = (
				FBEF5A8D29DD6D2C00844B20 /* LaunchScreen.storyboard in Resources */,
				FBEF5A8A29DD6D2C00844B20 /* Assets.xcassets in Resources */,
			);
			runOnlyForDeploymentPostprocessing = 0;
		};
		FBEF5A9129DD6D2C00844B20 /* Resources */ = {
			isa = PBXResourcesBuildPhase;
			buildActionMask = 2147483647;
			files = (
			);
			runOnlyForDeploymentPostprocessing = 0;
		};
		FBEF5A9B29DD6D2C00844B20 /* Resources */ = {
			isa = PBXResourcesBuildPhase;
			buildActionMask = 2147483647;
			files = (
			);
			runOnlyForDeploymentPostprocessing = 0;
		};
/* End PBXResourcesBuildPhase section */

/* Begin PBXShellScriptBuildPhase section */
		2A5DEA4AABAE4BA21A98E54F /* [CP] Embed Pods Frameworks */ = {
			isa = PBXShellScriptBuildPhase;
			buildActionMask = 2147483647;
			files = (
			);
			inputFileListPaths = (
				"${PODS_ROOT}/Target Support Files/Pods-CoffeTestAPp/Pods-CoffeTestAPp-frameworks-${CONFIGURATION}-input-files.xcfilelist",
			);
			name = "[CP] Embed Pods Frameworks";
			outputFileListPaths = (
				"${PODS_ROOT}/Target Support Files/Pods-CoffeTestAPp/Pods-CoffeTestAPp-frameworks-${CONFIGURATION}-output-files.xcfilelist",
			);
			runOnlyForDeploymentPostprocessing = 0;
			shellPath = /bin/sh;
			shellScript = "\"${PODS_ROOT}/Target Support Files/Pods-CoffeTestAPp/Pods-CoffeTestAPp-frameworks.sh\"\n";
			showEnvVarsInLog = 0;
		};
		5BEB21D120404BE1E65B9DAF /* [CP] Check Pods Manifest.lock */ = {
			isa = PBXShellScriptBuildPhase;
			buildActionMask = 2147483647;
			files = (
			);
			inputFileListPaths = (
			);
			inputPaths = (
				"${PODS_PODFILE_DIR_PATH}/Podfile.lock",
				"${PODS_ROOT}/Manifest.lock",
			);
			name = "[CP] Check Pods Manifest.lock";
			outputFileListPaths = (
			);
			outputPaths = (
				"$(DERIVED_FILE_DIR)/Pods-CoffeTestAPp-checkManifestLockResult.txt",
			);
			runOnlyForDeploymentPostprocessing = 0;
			shellPath = /bin/sh;
			shellScript = "diff \"${PODS_PODFILE_DIR_PATH}/Podfile.lock\" \"${PODS_ROOT}/Manifest.lock\" > /dev/null\nif [ $? != 0 ] ; then\n    # print error to STDERR\n    echo \"error: The sandbox is not in sync with the Podfile.lock. Run 'pod install' or update your CocoaPods installation.\" >&2\n    exit 1\nfi\n# This output is used by Xcode 'outputs' to avoid re-running this script phase.\necho \"SUCCESS\" > \"${SCRIPT_OUTPUT_FILE_0}\"\n";
			showEnvVarsInLog = 0;
		};
		793990DABDC8D8C44483C69F /* [CP] Check Pods Manifest.lock */ = {
			isa = PBXShellScriptBuildPhase;
			buildActionMask = 2147483647;
			files = (
			);
			inputFileListPaths = (
			);
			inputPaths = (
				"${PODS_PODFILE_DIR_PATH}/Podfile.lock",
				"${PODS_ROOT}/Manifest.lock",
			);
			name = "[CP] Check Pods Manifest.lock";
			outputFileListPaths = (
			);
			outputPaths = (
				"$(DERIVED_FILE_DIR)/Pods-CoffeTestAPp-CoffeTestAPpUITests-checkManifestLockResult.txt",
			);
			runOnlyForDeploymentPostprocessing = 0;
			shellPath = /bin/sh;
			shellScript = "diff \"${PODS_PODFILE_DIR_PATH}/Podfile.lock\" \"${PODS_ROOT}/Manifest.lock\" > /dev/null\nif [ $? != 0 ] ; then\n    # print error to STDERR\n    echo \"error: The sandbox is not in sync with the Podfile.lock. Run 'pod install' or update your CocoaPods installation.\" >&2\n    exit 1\nfi\n# This output is used by Xcode 'outputs' to avoid re-running this script phase.\necho \"SUCCESS\" > \"${SCRIPT_OUTPUT_FILE_0}\"\n";
			showEnvVarsInLog = 0;
		};
		88B357DE808C72DAFCC91B97 /* [CP] Embed Pods Frameworks */ = {
			isa = PBXShellScriptBuildPhase;
			buildActionMask = 2147483647;
			files = (
			);
			inputFileListPaths = (
				"${PODS_ROOT}/Target Support Files/Pods-CoffeTestAPp-CoffeTestAPpUITests/Pods-CoffeTestAPp-CoffeTestAPpUITests-frameworks-${CONFIGURATION}-input-files.xcfilelist",
			);
			name = "[CP] Embed Pods Frameworks";
			outputFileListPaths = (
				"${PODS_ROOT}/Target Support Files/Pods-CoffeTestAPp-CoffeTestAPpUITests/Pods-CoffeTestAPp-CoffeTestAPpUITests-frameworks-${CONFIGURATION}-output-files.xcfilelist",
			);
			runOnlyForDeploymentPostprocessing = 0;
			shellPath = /bin/sh;
			shellScript = "\"${PODS_ROOT}/Target Support Files/Pods-CoffeTestAPp-CoffeTestAPpUITests/Pods-CoffeTestAPp-CoffeTestAPpUITests-frameworks.sh\"\n";
			showEnvVarsInLog = 0;
		};
		AB40C0D5FD9BC34E6B125562 /* [CP] Check Pods Manifest.lock */ = {
			isa = PBXShellScriptBuildPhase;
			buildActionMask = 2147483647;
			files = (
			);
			inputFileListPaths = (
			);
			inputPaths = (
				"${PODS_PODFILE_DIR_PATH}/Podfile.lock",
				"${PODS_ROOT}/Manifest.lock",
			);
			name = "[CP] Check Pods Manifest.lock";
			outputFileListPaths = (
			);
			outputPaths = (
				"$(DERIVED_FILE_DIR)/Pods-CoffeTestAPpTests-checkManifestLockResult.txt",
			);
			runOnlyForDeploymentPostprocessing = 0;
			shellPath = /bin/sh;
			shellScript = "diff \"${PODS_PODFILE_DIR_PATH}/Podfile.lock\" \"${PODS_ROOT}/Manifest.lock\" > /dev/null\nif [ $? != 0 ] ; then\n    # print error to STDERR\n    echo \"error: The sandbox is not in sync with the Podfile.lock. Run 'pod install' or update your CocoaPods installation.\" >&2\n    exit 1\nfi\n# This output is used by Xcode 'outputs' to avoid re-running this script phase.\necho \"SUCCESS\" > \"${SCRIPT_OUTPUT_FILE_0}\"\n";
			showEnvVarsInLog = 0;
		};
/* End PBXShellScriptBuildPhase section */

/* Begin PBXSourcesBuildPhase section */
		FBEF5A7929DD6D2B00844B20 /* Sources */ = {
			isa = PBXSourcesBuildPhase;
			buildActionMask = 2147483647;
			files = (
				FBEF5AB229DD6E4C00844B20 /* Item.swift in Sources */,
				FBEF5ABB29DD7FA800844B20 /* ReviewController.swift in Sources */,
				FBEF5ABD29DD806A00844B20 /* SummaryCell.swift in Sources */,
				FBEF5A8529DD6D2B00844B20 /* ViewController.swift in Sources */,
				FBEF5AB629DD702700844B20 /* ItemCell.swift in Sources */,
				FBEF5AB429DD6E6900844B20 /* Order.swift in Sources */,
				FBEF5A8129DD6D2B00844B20 /* AppDelegate.swift in Sources */,
				FBEF5A8329DD6D2B00844B20 /* SceneDelegate.swift in Sources */,
			);
			runOnlyForDeploymentPostprocessing = 0;
		};
		FBEF5A8F29DD6D2C00844B20 /* Sources */ = {
			isa = PBXSourcesBuildPhase;
			buildActionMask = 2147483647;
			files = (
				FBEF5A9829DD6D2C00844B20 /* CoffeTestAPpTests.swift in Sources */,
			);
			runOnlyForDeploymentPostprocessing = 0;
		};
		FBEF5A9929DD6D2C00844B20 /* Sources */ = {
			isa = PBXSourcesBuildPhase;
			buildActionMask = 2147483647;
			files = (
				FBEF5AA429DD6D2C00844B20 /* CoffeTestAPpUITestsLaunchTests.swift in Sources */,
				FBEF5AA229DD6D2C00844B20 /* CoffeTestAPpUITests.swift in Sources */,
			);
			runOnlyForDeploymentPostprocessing = 0;
		};
/* End PBXSourcesBuildPhase section */

/* Begin PBXTargetDependency section */
		FBEF5A9529DD6D2C00844B20 /* PBXTargetDependency */ = {
			isa = PBXTargetDependency;
			target = FBEF5A7C29DD6D2B00844B20 /* CoffeTestAPp */;
			targetProxy = FBEF5A9429DD6D2C00844B20 /* PBXContainerItemProxy */;
		};
		FBEF5A9F29DD6D2C00844B20 /* PBXTargetDependency */ = {
			isa = PBXTargetDependency;
			target = FBEF5A7C29DD6D2B00844B20 /* CoffeTestAPp */;
			targetProxy = FBEF5A9E29DD6D2C00844B20 /* PBXContainerItemProxy */;
		};
/* End PBXTargetDependency section */

/* Begin PBXVariantGroup section */
		FBEF5A8B29DD6D2C00844B20 /* LaunchScreen.storyboard */ = {
			isa = PBXVariantGroup;
			children = (
				FBEF5A8C29DD6D2C00844B20 /* Base */,
			);
			name = LaunchScreen.storyboard;
			sourceTree = "<group>";
		};
/* End PBXVariantGroup section */

/* Begin XCBuildConfiguration section */
		FBEF5AA529DD6D2C00844B20 /* Debug */ = {
			isa = XCBuildConfiguration;
			buildSettings = {
				ALWAYS_SEARCH_USER_PATHS = NO;
				CLANG_ANALYZER_NONNULL = YES;
				CLANG_ANALYZER_NUMBER_OBJECT_CONVERSION = YES_AGGRESSIVE;
				CLANG_CXX_LANGUAGE_STANDARD = "gnu++20";
				CLANG_ENABLE_MODULES = YES;
				CLANG_ENABLE_OBJC_ARC = YES;
				CLANG_ENABLE_OBJC_WEAK = YES;
				CLANG_WARN_BLOCK_CAPTURE_AUTORELEASING = YES;
				CLANG_WARN_BOOL_CONVERSION = YES;
				CLANG_WARN_COMMA = YES;
				CLANG_WARN_CONSTANT_CONVERSION = YES;
				CLANG_WARN_DEPRECATED_OBJC_IMPLEMENTATIONS = YES;
				CLANG_WARN_DIRECT_OBJC_ISA_USAGE = YES_ERROR;
				CLANG_WARN_DOCUMENTATION_COMMENTS = YES;
				CLANG_WARN_EMPTY_BODY = YES;
				CLANG_WARN_ENUM_CONVERSION = YES;
				CLANG_WARN_INFINITE_RECURSION = YES;
				CLANG_WARN_INT_CONVERSION = YES;
				CLANG_WARN_NON_LITERAL_NULL_CONVERSION = YES;
				CLANG_WARN_OBJC_IMPLICIT_RETAIN_SELF = YES;
				CLANG_WARN_OBJC_LITERAL_CONVERSION = YES;
				CLANG_WARN_OBJC_ROOT_CLASS = YES_ERROR;
				CLANG_WARN_QUOTED_INCLUDE_IN_FRAMEWORK_HEADER = YES;
				CLANG_WARN_RANGE_LOOP_ANALYSIS = YES;
				CLANG_WARN_STRICT_PROTOTYPES = YES;
				CLANG_WARN_SUSPICIOUS_MOVE = YES;
				CLANG_WARN_UNGUARDED_AVAILABILITY = YES_AGGRESSIVE;
				CLANG_WARN_UNREACHABLE_CODE = YES;
				CLANG_WARN__DUPLICATE_METHOD_MATCH = YES;
				COPY_PHASE_STRIP = NO;
				DEBUG_INFORMATION_FORMAT = dwarf;
				ENABLE_STRICT_OBJC_MSGSEND = YES;
				ENABLE_TESTABILITY = YES;
				GCC_C_LANGUAGE_STANDARD = gnu11;
				GCC_DYNAMIC_NO_PIC = NO;
				GCC_NO_COMMON_BLOCKS = YES;
				GCC_OPTIMIZATION_LEVEL = 0;
				GCC_PREPROCESSOR_DEFINITIONS = (
					"DEBUG=1",
					"$(inherited)",
				);
				GCC_WARN_64_TO_32_BIT_CONVERSION = YES;
				GCC_WARN_ABOUT_RETURN_TYPE = YES_ERROR;
				GCC_WARN_UNDECLARED_SELECTOR = YES;
				GCC_WARN_UNINITIALIZED_AUTOS = YES_AGGRESSIVE;
				GCC_WARN_UNUSED_FUNCTION = YES;
				GCC_WARN_UNUSED_VARIABLE = YES;
				IPHONEOS_DEPLOYMENT_TARGET = 16.2;
				MTL_ENABLE_DEBUG_INFO = INCLUDE_SOURCE;
				MTL_FAST_MATH = YES;
				ONLY_ACTIVE_ARCH = YES;
				SDKROOT = iphoneos;
				SWIFT_ACTIVE_COMPILATION_CONDITIONS = DEBUG;
				SWIFT_OPTIMIZATION_LEVEL = "-Onone";
			};
			name = Debug;
		};
		FBEF5AA629DD6D2C00844B20 /* Release */ = {
			isa = XCBuildConfiguration;
			buildSettings = {
				ALWAYS_SEARCH_USER_PATHS = NO;
				CLANG_ANALYZER_NONNULL = YES;
				CLANG_ANALYZER_NUMBER_OBJECT_CONVERSION = YES_AGGRESSIVE;
				CLANG_CXX_LANGUAGE_STANDARD = "gnu++20";
				CLANG_ENABLE_MODULES = YES;
				CLANG_ENABLE_OBJC_ARC = YES;
				CLANG_ENABLE_OBJC_WEAK = YES;
				CLANG_WARN_BLOCK_CAPTURE_AUTORELEASING = YES;
				CLANG_WARN_BOOL_CONVERSION = YES;
				CLANG_WARN_COMMA = YES;
				CLANG_WARN_CONSTANT_CONVERSION = YES;
				CLANG_WARN_DEPRECATED_OBJC_IMPLEMENTATIONS = YES;
				CLANG_WARN_DIRECT_OBJC_ISA_USAGE = YES_ERROR;
				CLANG_WARN_DOCUMENTATION_COMMENTS = YES;
				CLANG_WARN_EMPTY_BODY = YES;
				CLANG_WARN_ENUM_CONVERSION = YES;
				CLANG_WARN_INFINITE_RECURSION = YES;
				CLANG_WARN_INT_CONVERSION = YES;
				CLANG_WARN_NON_LITERAL_NULL_CONVERSION = YES;
				CLANG_WARN_OBJC_IMPLICIT_RETAIN_SELF = YES;
				CLANG_WARN_OBJC_LITERAL_CONVERSION = YES;
				CLANG_WARN_OBJC_ROOT_CLASS = YES_ERROR;
				CLANG_WARN_QUOTED_INCLUDE_IN_FRAMEWORK_HEADER = YES;
				CLANG_WARN_RANGE_LOOP_ANALYSIS = YES;
				CLANG_WARN_STRICT_PROTOTYPES = YES;
				CLANG_WARN_SUSPICIOUS_MOVE = YES;
				CLANG_WARN_UNGUARDED_AVAILABILITY = YES_AGGRESSIVE;
				CLANG_WARN_UNREACHABLE_CODE = YES;
				CLANG_WARN__DUPLICATE_METHOD_MATCH = YES;
				COPY_PHASE_STRIP = NO;
				DEBUG_INFORMATION_FORMAT = "dwarf-with-dsym";
				ENABLE_NS_ASSERTIONS = NO;
				ENABLE_STRICT_OBJC_MSGSEND = YES;
				GCC_C_LANGUAGE_STANDARD = gnu11;
				GCC_NO_COMMON_BLOCKS = YES;
				GCC_WARN_64_TO_32_BIT_CONVERSION = YES;
				GCC_WARN_ABOUT_RETURN_TYPE = YES_ERROR;
				GCC_WARN_UNDECLARED_SELECTOR = YES;
				GCC_WARN_UNINITIALIZED_AUTOS = YES_AGGRESSIVE;
				GCC_WARN_UNUSED_FUNCTION = YES;
				GCC_WARN_UNUSED_VARIABLE = YES;
				IPHONEOS_DEPLOYMENT_TARGET = 16.2;
				MTL_ENABLE_DEBUG_INFO = NO;
				MTL_FAST_MATH = YES;
				SDKROOT = iphoneos;
				SWIFT_COMPILATION_MODE = wholemodule;
				SWIFT_OPTIMIZATION_LEVEL = "-O";
				VALIDATE_PRODUCT = YES;
			};
			name = Release;
		};
		FBEF5AA829DD6D2C00844B20 /* Debug */ = {
			isa = XCBuildConfiguration;
			baseConfigurationReference = A145D33F23B7BCAE6414C7AF /* Pods-CoffeTestAPp.debug.xcconfig */;
			buildSettings = {
				ASSETCATALOG_COMPILER_APPICON_NAME = AppIcon;
				ASSETCATALOG_COMPILER_GLOBAL_ACCENT_COLOR_NAME = AccentColor;
				CODE_SIGN_STYLE = Automatic;
				CURRENT_PROJECT_VERSION = 1;
				DEVELOPMENT_TEAM = KJ8U5BNAN4;
				GENERATE_INFOPLIST_FILE = YES;
				INFOPLIST_FILE = CoffeTestAPp/Info.plist;
				INFOPLIST_KEY_UIApplicationSupportsIndirectInputEvents = YES;
				INFOPLIST_KEY_UILaunchStoryboardName = LaunchScreen;
				INFOPLIST_KEY_UISupportedInterfaceOrientations_iPad = "UIInterfaceOrientationPortrait UIInterfaceOrientationPortraitUpsideDown UIInterfaceOrientationLandscapeLeft UIInterfaceOrientationLandscapeRight";
				INFOPLIST_KEY_UISupportedInterfaceOrientations_iPhone = "UIInterfaceOrientationPortrait UIInterfaceOrientationLandscapeLeft UIInterfaceOrientationLandscapeRight";
				LD_RUNPATH_SEARCH_PATHS = (
					"$(inherited)",
					"@executable_path/Frameworks",
				);
				MARKETING_VERSION = 1.0;
				PRODUCT_BUNDLE_IDENTIFIER = com.ssa.CoffeTestAPp;
				PRODUCT_NAME = "$(TARGET_NAME)";
				SWIFT_EMIT_LOC_STRINGS = YES;
				SWIFT_VERSION = 5.0;
				TARGETED_DEVICE_FAMILY = "1,2";
			};
			name = Debug;
		};
		FBEF5AA929DD6D2C00844B20 /* Release */ = {
			isa = XCBuildConfiguration;
			baseConfigurationReference = 16C6F4EB1020C85B90ED2F5C /* Pods-CoffeTestAPp.release.xcconfig */;
			buildSettings = {
				ASSETCATALOG_COMPILER_APPICON_NAME = AppIcon;
				ASSETCATALOG_COMPILER_GLOBAL_ACCENT_COLOR_NAME = AccentColor;
				CODE_SIGN_STYLE = Automatic;
				CURRENT_PROJECT_VERSION = 1;
				DEVELOPMENT_TEAM = KJ8U5BNAN4;
				GENERATE_INFOPLIST_FILE = YES;
				INFOPLIST_FILE = CoffeTestAPp/Info.plist;
				INFOPLIST_KEY_UIApplicationSupportsIndirectInputEvents = YES;
				INFOPLIST_KEY_UILaunchStoryboardName = LaunchScreen;
				INFOPLIST_KEY_UISupportedInterfaceOrientations_iPad = "UIInterfaceOrientationPortrait UIInterfaceOrientationPortraitUpsideDown UIInterfaceOrientationLandscapeLeft UIInterfaceOrientationLandscapeRight";
				INFOPLIST_KEY_UISupportedInterfaceOrientations_iPhone = "UIInterfaceOrientationPortrait UIInterfaceOrientationLandscapeLeft UIInterfaceOrientationLandscapeRight";
				LD_RUNPATH_SEARCH_PATHS = (
					"$(inherited)",
					"@executable_path/Frameworks",
				);
				MARKETING_VERSION = 1.0;
				PRODUCT_BUNDLE_IDENTIFIER = com.ssa.CoffeTestAPp;
				PRODUCT_NAME = "$(TARGET_NAME)";
				SWIFT_EMIT_LOC_STRINGS = YES;
				SWIFT_VERSION = 5.0;
				TARGETED_DEVICE_FAMILY = "1,2";
			};
			name = Release;
		};
		FBEF5AAB29DD6D2C00844B20 /* Debug */ = {
			isa = XCBuildConfiguration;
			baseConfigurationReference = 9BE389AE7EABCF45A60C3C6B /* Pods-CoffeTestAPpTests.debug.xcconfig */;
			buildSettings = {
				ALWAYS_EMBED_SWIFT_STANDARD_LIBRARIES = YES;
				BUNDLE_LOADER = "$(TEST_HOST)";
				CODE_SIGN_STYLE = Automatic;
				CURRENT_PROJECT_VERSION = 1;
				DEVELOPMENT_TEAM = KJ8U5BNAN4;
				GENERATE_INFOPLIST_FILE = YES;
				IPHONEOS_DEPLOYMENT_TARGET = 16.2;
				MARKETING_VERSION = 1.0;
				PRODUCT_BUNDLE_IDENTIFIER = com.ssa.CoffeTestAPpTests;
				PRODUCT_NAME = "$(TARGET_NAME)";
				SWIFT_EMIT_LOC_STRINGS = NO;
				SWIFT_VERSION = 5.0;
				TARGETED_DEVICE_FAMILY = "1,2";
				TEST_HOST = "$(BUILT_PRODUCTS_DIR)/CoffeTestAPp.app/$(BUNDLE_EXECUTABLE_FOLDER_PATH)/CoffeTestAPp";
			};
			name = Debug;
		};
		FBEF5AAC29DD6D2C00844B20 /* Release */ = {
			isa = XCBuildConfiguration;
			baseConfigurationReference = 1C3A67E43320C3C2FE2391BA /* Pods-CoffeTestAPpTests.release.xcconfig */;
			buildSettings = {
				ALWAYS_EMBED_SWIFT_STANDARD_LIBRARIES = YES;
				BUNDLE_LOADER = "$(TEST_HOST)";
				CODE_SIGN_STYLE = Automatic;
				CURRENT_PROJECT_VERSION = 1;
				DEVELOPMENT_TEAM = KJ8U5BNAN4;
				GENERATE_INFOPLIST_FILE = YES;
				IPHONEOS_DEPLOYMENT_TARGET = 16.2;
				MARKETING_VERSION = 1.0;
				PRODUCT_BUNDLE_IDENTIFIER = com.ssa.CoffeTestAPpTests;
				PRODUCT_NAME = "$(TARGET_NAME)";
				SWIFT_EMIT_LOC_STRINGS = NO;
				SWIFT_VERSION = 5.0;
				TARGETED_DEVICE_FAMILY = "1,2";
				TEST_HOST = "$(BUILT_PRODUCTS_DIR)/CoffeTestAPp.app/$(BUNDLE_EXECUTABLE_FOLDER_PATH)/CoffeTestAPp";
			};
			name = Release;
		};
		FBEF5AAE29DD6D2C00844B20 /* Debug */ = {
			isa = XCBuildConfiguration;
			baseConfigurationReference = 219A1943DFAB2D9094290FF0 /* Pods-CoffeTestAPp-CoffeTestAPpUITests.debug.xcconfig */;
			buildSettings = {
				ALWAYS_EMBED_SWIFT_STANDARD_LIBRARIES = YES;
				CODE_SIGN_STYLE = Automatic;
				CURRENT_PROJECT_VERSION = 1;
				DEVELOPMENT_TEAM = KJ8U5BNAN4;
				GENERATE_INFOPLIST_FILE = YES;
				MARKETING_VERSION = 1.0;
				PRODUCT_BUNDLE_IDENTIFIER = com.ssa.CoffeTestAPpUITests;
				PRODUCT_NAME = "$(TARGET_NAME)";
				SWIFT_EMIT_LOC_STRINGS = NO;
				SWIFT_VERSION = 5.0;
				TARGETED_DEVICE_FAMILY = "1,2";
				TEST_TARGET_NAME = CoffeTestAPp;
			};
			name = Debug;
		};
		FBEF5AAF29DD6D2C00844B20 /* Release */ = {
			isa = XCBuildConfiguration;
			baseConfigurationReference = B6C5F975B7C7688168C2EAD2 /* Pods-CoffeTestAPp-CoffeTestAPpUITests.release.xcconfig */;
			buildSettings = {
				ALWAYS_EMBED_SWIFT_STANDARD_LIBRARIES = YES;
				CODE_SIGN_STYLE = Automatic;
				CURRENT_PROJECT_VERSION = 1;
				DEVELOPMENT_TEAM = KJ8U5BNAN4;
				GENERATE_INFOPLIST_FILE = YES;
				MARKETING_VERSION = 1.0;
				PRODUCT_BUNDLE_IDENTIFIER = com.ssa.CoffeTestAPpUITests;
				PRODUCT_NAME = "$(TARGET_NAME)";
				SWIFT_EMIT_LOC_STRINGS = NO;
				SWIFT_VERSION = 5.0;
				TARGETED_DEVICE_FAMILY = "1,2";
				TEST_TARGET_NAME = CoffeTestAPp;
			};
			name = Release;
		};
/* End XCBuildConfiguration section */

/* Begin XCConfigurationList section */
		FBEF5A7829DD6D2B00844B20 /* Build configuration list for PBXProject "CoffeTestAPp" */ = {
			isa = XCConfigurationList;
			buildConfigurations = (
				FBEF5AA529DD6D2C00844B20 /* Debug */,
				FBEF5AA629DD6D2C00844B20 /* Release */,
			);
			defaultConfigurationIsVisible = 0;
			defaultConfigurationName = Release;
		};
		FBEF5AA729DD6D2C00844B20 /* Build configuration list for PBXNativeTarget "CoffeTestAPp" */ = {
			isa = XCConfigurationList;
			buildConfigurations = (
				FBEF5AA829DD6D2C00844B20 /* Debug */,
				FBEF5AA929DD6D2C00844B20 /* Release */,
			);
			defaultConfigurationIsVisible = 0;
			defaultConfigurationName = Release;
		};
		FBEF5AAA29DD6D2C00844B20 /* Build configuration list for PBXNativeTarget "CoffeTestAPpTests" */ = {
			isa = XCConfigurationList;
			buildConfigurations = (
				FBEF5AAB29DD6D2C00844B20 /* Debug */,
				FBEF5AAC29DD6D2C00844B20 /* Release */,
			);
			defaultConfigurationIsVisible = 0;
			defaultConfigurationName = Release;
		};
		FBEF5AAD29DD6D2C00844B20 /* Build configuration list for PBXNativeTarget "CoffeTestAPpUITests" */ = {
			isa = XCConfigurationList;
			buildConfigurations = (
				FBEF5AAE29DD6D2C00844B20 /* Debug */,
				FBEF5AAF29DD6D2C00844B20 /* Release */,
			);
			defaultConfigurationIsVisible = 0;
			defaultConfigurationName = Release;
		};
/* End XCConfigurationList section */
	};
	rootObject = FBEF5A7529DD6D2B00844B20 /* Project object */;
}
